
Microsoft Visual Studio Solution File, Format Version 12.00
# Visual Studio Version 17
VisualStudioVersion = 17.0.32126.317
MinimumVisualStudioVersion = 10.0.40219.1
Project("{FAE04EC0-301F-11D3-BF4B-00C04F79EFBC}") = "ProtectiveWards", "ProtectiveWards.csproj", "{F71912B8-9B1C-4181-911A-1550F4EC2889}"
EndProject
Global
	GlobalSection(SolutionConfigurationPlatforms) = preSolution
		Debug|Any CPU = Debug|Any CPU
		Release|Any CPU = Release|Any CPU
	EndGlobalSection
	GlobalSection(ProjectConfigurationPlatforms) = postSolution
		{F71912B8-9B1C-4181-911A-1550F4EC2889}.Debug|Any CPU.ActiveCfg = Debug|Any CPU
		{F71912B8-9B1C-4181-911A-1550F4EC2889}.Debug|Any CPU.Build.0 = Debug|Any CPU
		{F71912B8-9B1C-4181-911A-1550F4EC2889}.Release|Any CPU.ActiveCfg = Release|Any CPU
		{F71912B8-9B1C-4181-911A-1550F4EC2889}.Release|Any CPU.Build.0 = Release|Any CPU
	EndGlobalSection
	GlobalSection(SolutionProperties) = preSolution
		HideSolutionNode = FALSE
	EndGlobalSection
	GlobalSection(ExtensibilityGlobals) = postSolution
		SolutionGuid = {B58070B5-33C4-43CB-B814-20CE441C63AE}
	EndGlobalSection
EndGlobal
